
Microsoft Visual Studio Solution File, Format Version 12.00
# Visual Studio Version 16
VisualStudioVersion = 16.0.31118.392
MinimumVisualStudioVersion = 10.0.40219.1
Project("{9A19103F-16F7-4668-BE54-9A1E7A4F7556}") = "dotnet-web", "WebApp\dotnet-web.csproj", "{9DD969BC-66E8-40A3-B2B3-11A25C73E11A}"
EndProject
Project("{9A19103F-16F7-4668-BE54-9A1E7A4F7556}") = "FunctionApp", "FunctionApp\FunctionApp.csproj", "{4DB1A3C1-4620-48A0-A5C9-AFD90A16B168}"
EndProject
Global
	GlobalSection(SolutionConfigurationPlatforms) = preSolution
		Debug|Any CPU = Debug|Any CPU
		Release|Any CPU = Release|Any CPU
	EndGlobalSection
	GlobalSection(ProjectConfigurationPlatforms) = postSolution
		{9DD969BC-66E8-40A3-B2B3-11A25C73E11A}.Debug|Any CPU.ActiveCfg = Debug|Any CPU
		{9DD969BC-66E8-40A3-B2B3-11A25C73E11A}.Debug|Any CPU.Build.0 = Debug|Any CPU
		{9DD969BC-66E8-40A3-B2B3-11A25C73E11A}.Release|Any CPU.ActiveCfg = Release|Any CPU
		{9DD969BC-66E8-40A3-B2B3-11A25C73E11A}.Release|Any CPU.Build.0 = Release|Any CPU
		{4DB1A3C1-4620-48A0-A5C9-AFD90A16B168}.Debug|Any CPU.ActiveCfg = Debug|Any CPU
		{4DB1A3C1-4620-48A0-A5C9-AFD90A16B168}.Debug|Any CPU.Build.0 = Debug|Any CPU
		{4DB1A3C1-4620-48A0-A5C9-AFD90A16B168}.Release|Any CPU.ActiveCfg = Release|Any CPU
		{4DB1A3C1-4620-48A0-A5C9-AFD90A16B168}.Release|Any CPU.Build.0 = Release|Any CPU
	EndGlobalSection
	GlobalSection(SolutionProperties) = preSolution
		HideSolutionNode = FALSE
	EndGlobalSection
	GlobalSection(ExtensibilityGlobals) = postSolution
		SolutionGuid = {E64DD2CB-48B6-48CE-B175-FDC427B5CF7D}
	EndGlobalSection
EndGlobal
